
Microsoft Visual Studio Solution File, Format Version 12.00
# Visual Studio Version 17
VisualStudioVersion = 17.8.34511.84
MinimumVisualStudioVersion = 10.0.40219.1
Project("{FAE04EC0-301F-11D3-BF4B-00C04F79EFBC}") = "EmployeesTableWeb", "EmployeesTableWeb.csproj", "{70040FE7-C9EA-4FBE-80E4-F0FAD7EF480C}"
EndProject
Global
	GlobalSection(SolutionConfigurationPlatforms) = preSolution
		Debug|Any CPU = Debug|Any CPU
		Release|Any CPU = Release|Any CPU
	EndGlobalSection
	GlobalSection(ProjectConfigurationPlatforms) = postSolution
		{70040FE7-C9EA-4FBE-80E4-F0FAD7EF480C}.Debug|Any CPU.ActiveCfg = Debug|Any CPU
		{70040FE7-C9EA-4FBE-80E4-F0FAD7EF480C}.Debug|Any CPU.Build.0 = Debug|Any CPU
		{70040FE7-C9EA-4FBE-80E4-F0FAD7EF480C}.Release|Any CPU.ActiveCfg = Release|Any CPU
		{70040FE7-C9EA-4FBE-80E4-F0FAD7EF480C}.Release|Any CPU.Build.0 = Release|Any CPU
	EndGlobalSection
	GlobalSection(SolutionProperties) = preSolution
		HideSolutionNode = FALSE
	EndGlobalSection
	GlobalSection(ExtensibilityGlobals) = postSolution
		SolutionGuid = {23F01E75-0380-450A-96C3-9FE614D49123}
	EndGlobalSection
EndGlobal
